lockVersion: 2.0.0
id: 284d3874-3fab-4a9c-b3fd-e6cfdf593f34
management:
  docChecksum: 86d7466bdd8b67fe064563c11eda0bd3
  docVersion: 10.27.2023
  speakeasyVersion: internal
  generationVersion: 2.237.2
  releaseVersion: 0.4.4
  configChecksum: e783265c7e62bb27e5a38a3ca1236095
  repoURL: https://github.com/speakeasy-sdks/fx.git
  repoSubDirectory: .
  installationURL: https://github.com/speakeasy-sdks/fx.git
features:
  python:
    constsAndDefaults: 0.1.2
    core: 4.4.2
    flattening: 2.81.1
    globalSecurity: 2.83.2
    globalServerURLs: 2.82.1
    methodSecurity: 2.82.1
generatedFiles:
  - src/fx/sdkconfiguration.py
  - src/fx/client_settings.py
  - src/fx/client_prefund_account.py
  - src/fx/client_transactions.py
  - src/fx/sdk.py
  - pylintrc
  - setup.py
  - src/fx/__init__.py
  - src/fx/utils/__init__.py
  - src/fx/utils/retries.py
  - src/fx/utils/utils.py
  - src/fx/models/errors/sdkerror.py
  - tests/helpers.py
  - src/fx/models/operations/clientdetails.py
  - src/fx/models/operations/feedetails.py
  - src/fx/models/operations/clientprefundbalances.py
  - src/fx/models/operations/clientprefundrequest.py
  - src/fx/models/operations/fetchclientprefundrequest.py
  - src/fx/models/operations/clienttransactions.py
  - src/fx/models/shared/clientdetailresponsedto2.py
  - src/fx/models/shared/remitteraccountwhitelist.py
  - src/fx/models/shared/paymentidsdto.py
  - src/fx/models/shared/clientcurrencyresponsedto.py
  - src/fx/models/shared/autosweepbankdetails.py
  - src/fx/models/shared/registeredaddress.py
  - src/fx/models/shared/bankaccountdetails.py
  - src/fx/models/shared/clientfeedetailsresponsedto.py
  - src/fx/models/shared/feeresponsedto.py
  - src/fx/models/shared/accountresponsedto.py
  - src/fx/models/shared/clientprefundresponsedto.py
  - src/fx/models/shared/prefundrequestdto.py
  - src/fx/models/shared/clienttransactionsresponsedto.py
  - src/fx/models/shared/transactionresponsedto.py
  - src/fx/models/shared/transactionrfidetailsresponse.py
  - src/fx/models/shared/walletrfiattributeresponse.py
  - src/fx/models/shared/security.py
  - src/fx/models/errors/productapierror.py
  - src/fx/models/errors/walletapierror.py
  - src/fx/models/errors/payinapierror.py
  - src/fx/models/__init__.py
  - src/fx/models/errors/__init__.py
  - src/fx/models/operations/__init__.py
  - src/fx/models/shared/__init__.py
  - docs/models/operations/clientdetailssecurity.md
  - docs/models/operations/clientdetailsrequest.md
  - docs/models/operations/clientdetailsresponse.md
  - docs/models/operations/feedetailssecurity.md
  - docs/models/operations/feedetailsrequest.md
  - docs/models/operations/feedetailsresponse.md
  - docs/models/operations/clientprefundbalancessecurity.md
  - docs/models/operations/clientprefundbalancesrequest.md
  - docs/models/operations/clientprefundbalancesresponse.md
  - docs/models/operations/clientprefundrequestsecurity.md
  - docs/models/operations/clientprefundrequestrequest.md
  - docs/models/operations/clientprefundrequestresponse.md
  - docs/models/operations/fetchclientprefundrequestsecurity.md
  - docs/models/operations/fetchclientprefundrequestrequest.md
  - docs/models/operations/fetchclientprefundrequestresponsebody.md
  - docs/models/operations/fetchclientprefundrequestresponse.md
  - docs/models/operations/clienttransactionssecurity.md
  - docs/models/operations/order.md
  - docs/models/operations/status.md
  - docs/models/operations/clienttransactionsrequest.md
  - docs/models/operations/clienttransactionsresponse.md
  - docs/models/shared/currencyauthorizationtype.md
  - docs/models/shared/fundinginstrumenttype.md
  - docs/models/shared/licenseentity.md
  - docs/models/shared/regulatoryregion.md
  - docs/models/shared/clientdetailresponsedto2.md
  - docs/models/shared/remitteraccountwhitelist.md
  - docs/models/shared/paymentidsdtoaccounttype.md
  - docs/models/shared/bankname.md
  - docs/models/shared/paymentidsdto.md
  - docs/models/shared/clientcurrencyresponsedto.md
  - docs/models/shared/autosweepbankdetails.md
  - docs/models/shared/registeredaddress.md
  - docs/models/shared/bankaccountdetails.md
  - docs/models/shared/status.md
  - docs/models/shared/clientfeedetailsresponsedto.md
  - docs/models/shared/feename.md
  - docs/models/shared/feeresponsedtostatus.md
  - docs/models/shared/feeresponsedto.md
  - docs/models/shared/accounttype.md
  - docs/models/shared/accountresponsedto.md
  - docs/models/shared/clientprefundresponsedtostatus.md
  - docs/models/shared/clientprefundresponsedto.md
  - docs/models/shared/prefundrequestdto.md
  - docs/models/shared/clienttransactionsresponsedto.md
  - docs/models/shared/compliancestatus.md
  - docs/models/shared/settlementstatus.md
  - docs/models/shared/transactionresponsedtostatus.md
  - docs/models/shared/transactiontype.md
  - docs/models/shared/transactionresponsedto.md
  - docs/models/shared/rfistatus.md
  - docs/models/shared/transactionentitytype.md
  - docs/models/shared/transactionrfidetailsresponse.md
  - docs/models/shared/walletrfiattributeresponse.md
  - docs/models/shared/security.md
  - docs/models/errors/schemasstatus.md
  - docs/models/errors/productapierror.md
  - docs/models/errors/schemaswalletapierrorstatus.md
  - docs/models/errors/walletapierror.md
  - docs/models/errors/status.md
  - docs/models/errors/payinapierror.md
  - docs/sdks/fx/README.md
  - docs/sdks/clientsettings/README.md
  - docs/sdks/clientprefundaccount/README.md
  - docs/sdks/clienttransactions/README.md
  - USAGE.md
  - .gitattributes
